
Microsoft Visual Studio Solution File, Format Version 12.00
# Visual Studio 15
VisualStudioVersion = 15.0.28307.1525
MinimumVisualStudioVersion = 10.0.40219.1
Project("{8BC9CEB8-8B4A-11D0-8D11-00A0C91BC942}") = "Exercise 2", "Exercise 2\Exercise 2.vcxproj", "{AB8D8D35-8735-48CA-A0B7-1773F20D9DF0}"
EndProject
Global
	GlobalSection(SolutionConfigurationPlatforms) = preSolution
		Debug|x64 = Debug|x64
		Debug|x86 = Debug|x86
		Release|x64 = Release|x64
		Release|x86 = Release|x86
	EndGlobalSection
	GlobalSection(ProjectConfigurationPlatforms) = postSolution
		{AB8D8D35-8735-48CA-A0B7-1773F20D9DF0}.Debug|x64.ActiveCfg = Debug|x64
		{AB8D8D35-8735-48CA-A0B7-1773F20D9DF0}.Debug|x64.Build.0 = Debug|x64
		{AB8D8D35-8735-48CA-A0B7-1773F20D9DF0}.Debug|x86.ActiveCfg = Debug|Win32
		{AB8D8D35-8735-48CA-A0B7-1773F20D9DF0}.Debug|x86.Build.0 = Debug|Win32
		{AB8D8D35-8735-48CA-A0B7-1773F20D9DF0}.Release|x64.ActiveCfg = Release|x64
		{AB8D8D35-8735-48CA-A0B7-1773F20D9DF0}.Release|x64.Build.0 = Release|x64
		{AB8D8D35-8735-48CA-A0B7-1773F20D9DF0}.Release|x86.ActiveCfg = Release|Win32
		{AB8D8D35-8735-48CA-A0B7-1773F20D9DF0}.Release|x86.Build.0 = Release|Win32
	EndGlobalSection
	GlobalSection(SolutionProperties) = preSolution
		HideSolutionNode = FALSE
	EndGlobalSection
	GlobalSection(ExtensibilityGlobals) = postSolution
		SolutionGuid = {FAB7619A-5F03-4E81-9A09-C1E771F4881B}
	EndGlobalSection
EndGlobal
