
Microsoft Visual Studio Solution File, Format Version 12.00
# Visual Studio 15
VisualStudioVersion = 15.0.28307.1525
MinimumVisualStudioVersion = 10.0.40219.1
Project("{8BC9CEB8-8B4A-11D0-8D11-00A0C91BC942}") = "Exercise 7", "Exercise 7\Exercise 7.vcxproj", "{E894EACD-CC2A-47A1-B9C7-075ACE6D8669}"
EndProject
Global
	GlobalSection(SolutionConfigurationPlatforms) = preSolution
		Debug|x64 = Debug|x64
		Debug|x86 = Debug|x86
		Release|x64 = Release|x64
		Release|x86 = Release|x86
	EndGlobalSection
	GlobalSection(ProjectConfigurationPlatforms) = postSolution
		{E894EACD-CC2A-47A1-B9C7-075ACE6D8669}.Debug|x64.ActiveCfg = Debug|x64
		{E894EACD-CC2A-47A1-B9C7-075ACE6D8669}.Debug|x64.Build.0 = Debug|x64
		{E894EACD-CC2A-47A1-B9C7-075ACE6D8669}.Debug|x86.ActiveCfg = Debug|Win32
		{E894EACD-CC2A-47A1-B9C7-075ACE6D8669}.Debug|x86.Build.0 = Debug|Win32
		{E894EACD-CC2A-47A1-B9C7-075ACE6D8669}.Release|x64.ActiveCfg = Release|x64
		{E894EACD-CC2A-47A1-B9C7-075ACE6D8669}.Release|x64.Build.0 = Release|x64
		{E894EACD-CC2A-47A1-B9C7-075ACE6D8669}.Release|x86.ActiveCfg = Release|Win32
		{E894EACD-CC2A-47A1-B9C7-075ACE6D8669}.Release|x86.Build.0 = Release|Win32
	EndGlobalSection
	GlobalSection(SolutionProperties) = preSolution
		HideSolutionNode = FALSE
	EndGlobalSection
	GlobalSection(ExtensibilityGlobals) = postSolution
		SolutionGuid = {17309665-85BB-4ADD-8BAB-1261BEA715EC}
	EndGlobalSection
EndGlobal
