
Microsoft Visual Studio Solution File, Format Version 12.00
# Visual Studio 15
VisualStudioVersion = 15.0.28307.1525
MinimumVisualStudioVersion = 10.0.40219.1
Project("{8BC9CEB8-8B4A-11D0-8D11-00A0C91BC942}") = "Exercise 7", "Exercise 7\Exercise 7.vcxproj", "{43FEE165-C6BF-4000-B77C-EC3B3A2C38EF}"
EndProject
Global
	GlobalSection(SolutionConfigurationPlatforms) = preSolution
		Debug|x64 = Debug|x64
		Debug|x86 = Debug|x86
		Release|x64 = Release|x64
		Release|x86 = Release|x86
	EndGlobalSection
	GlobalSection(ProjectConfigurationPlatforms) = postSolution
		{43FEE165-C6BF-4000-B77C-EC3B3A2C38EF}.Debug|x64.ActiveCfg = Debug|x64
		{43FEE165-C6BF-4000-B77C-EC3B3A2C38EF}.Debug|x64.Build.0 = Debug|x64
		{43FEE165-C6BF-4000-B77C-EC3B3A2C38EF}.Debug|x86.ActiveCfg = Debug|Win32
		{43FEE165-C6BF-4000-B77C-EC3B3A2C38EF}.Debug|x86.Build.0 = Debug|Win32
		{43FEE165-C6BF-4000-B77C-EC3B3A2C38EF}.Release|x64.ActiveCfg = Release|x64
		{43FEE165-C6BF-4000-B77C-EC3B3A2C38EF}.Release|x64.Build.0 = Release|x64
		{43FEE165-C6BF-4000-B77C-EC3B3A2C38EF}.Release|x86.ActiveCfg = Release|Win32
		{43FEE165-C6BF-4000-B77C-EC3B3A2C38EF}.Release|x86.Build.0 = Release|Win32
	EndGlobalSection
	GlobalSection(SolutionProperties) = preSolution
		HideSolutionNode = FALSE
	EndGlobalSection
	GlobalSection(ExtensibilityGlobals) = postSolution
		SolutionGuid = {9EDC434D-8A69-46E1-BFCD-EC88BFBC2B13}
	EndGlobalSection
EndGlobal
